{
  "version": "4",
  "specifiers": {
    "jsr:@oak/commons@1": "1.0.0",
    "jsr:@std/assert@1": "1.0.10",
    "jsr:@std/bytes@1": "1.0.4",
    "jsr:@std/crypto@1": "1.0.3",
    "jsr:@std/encoding@1": "1.0.6",
    "jsr:@std/encoding@^1.0.5": "1.0.6",
    "jsr:@std/http@1": "1.0.12",
    "jsr:@std/media-types@1": "1.1.0",
    "jsr:@std/path@1": "1.0.8",
    "npm:@types/node@*": "22.5.4"
  },
  "jsr": {
    "@oak/commons@1.0.0": {
      "integrity": "49805b55603c3627a9d6235c0655aa2b6222d3036b3a13ff0380c16368f607ac",
      "dependencies": [
        "jsr:@std/assert",
        "jsr:@std/bytes",
        "jsr:@std/crypto",
        "jsr:@std/encoding@1",
        "jsr:@std/http",
        "jsr:@std/media-types"
      ]
    },
    "@std/assert@1.0.10": {
      "integrity": "59b5cbac5bd55459a19045d95cc7c2ff787b4f8527c0dd195078ff6f9481fbb3"
    },
    "@std/bytes@1.0.4": {
      "integrity": "11a0debe522707c95c7b7ef89b478c13fb1583a7cfb9a85674cd2cc2e3a28abc"
    },
    "@std/crypto@1.0.3": {
      "integrity": "a2a32f51ddef632d299e3879cd027c630dcd4d1d9a5285d6e6788072f4e51e7f"
    },
    "@std/encoding@1.0.6": {
      "integrity": "ca87122c196e8831737d9547acf001766618e78cd8c33920776c7f5885546069"
    },
    "@std/http@1.0.12": {
      "integrity": "85246d8bfe9c8e2538518725b158bdc31f616e0869255f4a8d9e3de919cab2aa",
      "dependencies": [
        "jsr:@std/encoding@^1.0.5"
      ]
    },
    "@std/media-types@1.1.0": {
      "integrity": "c9d093f0c05c3512932b330e3cc1fe1d627b301db33a4c2c2185c02471d6eaa4"
    },
    "@std/path@1.0.8": {
      "integrity": "548fa456bb6a04d3c1a1e7477986b6cffbce95102d0bb447c67c4ee70e0364be"
    }
  },
  "npm": {
    "@types/node@22.5.4": {
      "integrity": "sha512-FDuKUJQm/ju9fT/SeX/6+gBzoPzlVCzfzmGkwKvRHQVxi4BntVbyIwf6a4Xn62mrvndLiml6z/UBXIdEVjQLXg==",
      "dependencies": [
        "undici-types"
      ]
    },
    "undici-types@6.19.8": {
      "integrity": "sha512-ve2KP6f/JnbPBFyobGHuerC9g1FYGn/F8n1LWTwNxCEzd6IfqTwUQcNXgEtmmQ6DlRrC1hrSrBnCZPokRrDHjw=="
    }
  },
  "redirects": {
    "https://deno.land/x/oak/mod.ts": "https://deno.land/x/oak@v17.1.4/mod.ts"
  },
  "remote": {
    "https://deno.land/std@0.105.0/_util/assert.ts": "2f868145a042a11d5ad0a3c748dcf580add8a0dbc0e876eaa0026303a5488f58",
    "https://deno.land/std@0.105.0/_util/has_own_property.ts": "f5edd94ed3f3c20c517d812045deb97977e18501c9b7105b5f5c11a31893d7a2",
    "https://deno.land/std@0.105.0/_util/os.ts": "dfb186cc4e968c770ab6cc3288bd65f4871be03b93beecae57d657232ecffcac",
    "https://deno.land/std@0.105.0/_wasm_crypto/crypto.js": "c887c5887192092b2180d8f91bc507c67fc837cb5572cf2de3d6de0dd6f43439",
    "https://deno.land/std@0.105.0/_wasm_crypto/crypto.wasm.js": "98270cd5221cb35c6ca904a5cf47be6a1348aba124271dd427ea2407cfad0f58",
    "https://deno.land/std@0.105.0/_wasm_crypto/mod.ts": "c66cd1689a2d995b065dc3c1e6099824b5e3556f6b83ec5ca681519eea6e8b7f",
    "https://deno.land/std@0.105.0/async/deadline.ts": "1d6ac7aeaee22f75eb86e4e105d6161118aad7b41ae2dd14f4cfd3bf97472b93",
    "https://deno.land/std@0.105.0/async/debounce.ts": "b2f693e4baa16b62793fd618de6c003b63228db50ecfe3bd51fc5f6dc0bc264b",
    "https://deno.land/std@0.105.0/async/deferred.ts": "ce81070ad3ba3294f3f34c032af884ccde1a20922b648f6eaee54bd8fd951a1e",
    "https://deno.land/std@0.105.0/async/delay.ts": "9de1d8d07d1927767ab7f82434b883f3d8294fb19cad819691a2ad81a728cf3d",
    "https://deno.land/std@0.105.0/async/mod.ts": "78425176fabea7bd1046ce3819fd69ce40da85c83e0f174d17e8e224a91f7d10",
    "https://deno.land/std@0.105.0/async/mux_async_iterator.ts": "62abff3af9ff619e8f2adc96fc70d4ca020fa48a50c23c13f12d02ed2b760dbe",
    "https://deno.land/std@0.105.0/async/pool.ts": "353ce4f91865da203a097aa6f33de8966340c91b6f4a055611c8c5d534afd12f",
    "https://deno.land/std@0.105.0/async/tee.ts": "6b8f1322b6dd2396202cfbe9cde9cab158d1e962cfd9197b0a97c6657bee79ce",
    "https://deno.land/std@0.105.0/bytes/bytes_list.ts": "a13287edb03f19d27ba4927dec6d6de3e5bd46254cd4aee6f7e5815810122673",
    "https://deno.land/std@0.105.0/bytes/mod.ts": "440684e07e8f57a19a43b34d57eb63af0b36fc92b6657b6dcdbf9d5612d62e29",
    "https://deno.land/std@0.105.0/crypto/mod.ts": "a562bf0fa4b5e3ab9108b5a3f252464daeb78a0a7734fb418a8bd091b201f695",
    "https://deno.land/std@0.105.0/encoding/base64.ts": "eecae390f1f1d1cae6f6c6d732ede5276bf4b9cd29b1d281678c054dc5cc009e",
    "https://deno.land/std@0.105.0/fmt/colors.ts": "d2f8355f00a74404668fc5a1e4a92983ce1a9b0a6ac1d40efbd681cb8f519586",
    "https://deno.land/std@0.105.0/http/_io.ts": "61c8171a7bfb8baad7570e2122d093a0c65ed3f02af04dfd6117006f3a5bb4e5",
    "https://deno.land/std@0.105.0/http/http_status.ts": "ebaa9bebfb8adc3d7b20c49e11037e4eefd79629ad80d81383933f4cdc91b3eb",
    "https://deno.land/std@0.105.0/http/server.ts": "500dd450202da79df1142c804e0d8d507baffaf81808ec8337238efbd3bb6005",
    "https://deno.land/std@0.105.0/io/buffer.ts": "3ead6bb11276ebcf093c403f74f67fd2205a515dbbb9061862c468ca56f37cd8",
    "https://deno.land/std@0.105.0/io/bufio.ts": "6024117aa37f8d21a116654bd5ca5191d803f6492bbc744e3cee5054d0e900d1",
    "https://deno.land/std@0.105.0/io/ioutil.ts": "3c6b7c8be3b8cd19746de028c40063193578612244a935dcc27be9f3ff343b0c",
    "https://deno.land/std@0.105.0/io/readers.ts": "17403919724fef2f343c88555606368868a5c752a1099ad801f6a381c170f62d",
    "https://deno.land/std@0.105.0/io/streams.ts": "da62ba7328645ad0c383d6b16b546bcbdc0f9c85141769b198294976026b6015",
    "https://deno.land/std@0.105.0/io/util.ts": "85c33d61b20fd706acc094fe80d4c8ae618b04abcf3a96ca2b47071842c1c8ac",
    "https://deno.land/std@0.105.0/path/_constants.ts": "1247fee4a79b70c89f23499691ef169b41b6ccf01887a0abd131009c5581b853",
    "https://deno.land/std@0.105.0/path/_interface.ts": "1fa73b02aaa24867e481a48492b44f2598cd9dfa513c7b34001437007d3642e4",
    "https://deno.land/std@0.105.0/path/_util.ts": "2e06a3b9e79beaf62687196bd4b60a4c391d862cfa007a20fc3a39f778ba073b",
    "https://deno.land/std@0.105.0/path/common.ts": "eaf03d08b569e8a87e674e4e265e099f237472b6fd135b3cbeae5827035ea14a",
    "https://deno.land/std@0.105.0/path/glob.ts": "3b84af55c53febacf6afe214c095624b22a56b6f57d7312157479cc783a0de65",
    "https://deno.land/std@0.105.0/path/mod.ts": "4465dc494f271b02569edbb4a18d727063b5dbd6ed84283ff906260970a15d12",
    "https://deno.land/std@0.105.0/path/posix.ts": "b81974c768d298f8dcd2c720229639b3803ca4a241fa9a355c762fa2bc5ef0c1",
    "https://deno.land/std@0.105.0/path/separator.ts": "8fdcf289b1b76fd726a508f57d3370ca029ae6976fcde5044007f062e643ff1c",
    "https://deno.land/std@0.105.0/path/win32.ts": "f4a3d4a3f2c9fe894da046d5eac48b5e789a0ebec5152b2c0985efe96a9f7ae1",
    "https://deno.land/std@0.105.0/testing/_diff.ts": "5d3693155f561d1a5443ac751ac70aab9f5d67b4819a621d4b96b8a1a1c89620",
    "https://deno.land/std@0.105.0/testing/asserts.ts": "e4311d45d956459d4423bc267208fe154b5294989da2ed93257b6a85cae0427e",
    "https://deno.land/std@0.105.0/textproto/mod.ts": "6e8430986393e3929720cec9c6668d75dee2ffd953886e842dc124c251cb86c8",
    "https://deno.land/std@0.105.0/ws/mod.ts": "21809c2884d3412a6f5af062bb84a35522eab7d1dfad287d3f1e85f86b9b0ed2",
    "https://deno.land/std@0.106.0/_util/assert.ts": "2f868145a042a11d5ad0a3c748dcf580add8a0dbc0e876eaa0026303a5488f58",
    "https://deno.land/std@0.106.0/_util/os.ts": "dfb186cc4e968c770ab6cc3288bd65f4871be03b93beecae57d657232ecffcac",
    "https://deno.land/std@0.106.0/async/deadline.ts": "1d6ac7aeaee22f75eb86e4e105d6161118aad7b41ae2dd14f4cfd3bf97472b93",
    "https://deno.land/std@0.106.0/async/debounce.ts": "b2f693e4baa16b62793fd618de6c003b63228db50ecfe3bd51fc5f6dc0bc264b",
    "https://deno.land/std@0.106.0/async/deferred.ts": "ce81070ad3ba3294f3f34c032af884ccde1a20922b648f6eaee54bd8fd951a1e",
    "https://deno.land/std@0.106.0/async/delay.ts": "db68b7c22518ea9805be110cdc914017d741894d2bececf4d78607fd2f0548e7",
    "https://deno.land/std@0.106.0/async/mod.ts": "78425176fabea7bd1046ce3819fd69ce40da85c83e0f174d17e8e224a91f7d10",
    "https://deno.land/std@0.106.0/async/mux_async_iterator.ts": "62abff3af9ff619e8f2adc96fc70d4ca020fa48a50c23c13f12d02ed2b760dbe",
    "https://deno.land/std@0.106.0/async/pool.ts": "353ce4f91865da203a097aa6f33de8966340c91b6f4a055611c8c5d534afd12f",
    "https://deno.land/std@0.106.0/async/tee.ts": "6b8f1322b6dd2396202cfbe9cde9cab158d1e962cfd9197b0a97c6657bee79ce",
    "https://deno.land/std@0.106.0/bytes/bytes_list.ts": "a13287edb03f19d27ba4927dec6d6de3e5bd46254cd4aee6f7e5815810122673",
    "https://deno.land/std@0.106.0/bytes/mod.ts": "440684e07e8f57a19a43b34d57eb63af0b36fc92b6657b6dcdbf9d5612d62e29",
    "https://deno.land/std@0.106.0/flags/mod.ts": "35b36f1869ebd8da25764191d865dd162631ba8d02ff7459d9e4058fc1e491a3",
    "https://deno.land/std@0.106.0/fmt/colors.ts": "d2f8355f00a74404668fc5a1e4a92983ce1a9b0a6ac1d40efbd681cb8f519586",
    "https://deno.land/std@0.106.0/fs/_util.ts": "f2ce811350236ea8c28450ed822a5f42a0892316515b1cd61321dec13569c56b",
    "https://deno.land/std@0.106.0/fs/copy.ts": "631bbafbfe6cba282158abc8aeb7e8251cc69a7ec28ce12878ea1b75fec2add4",
    "https://deno.land/std@0.106.0/fs/empty_dir.ts": "5f08b263dd064dc7917c4bbeb13de0f5505a664b9cdfe312fa86e7518cfaeb84",
    "https://deno.land/std@0.106.0/fs/ensure_dir.ts": "b7c103dc41a3d1dbbb522bf183c519c37065fdc234831a4a0f7d671b1ed5fea7",
    "https://deno.land/std@0.106.0/fs/ensure_file.ts": "c06031af24368e80c330897e4b8e9109efc8602ffabc8f3e2306be07529e1d13",
    "https://deno.land/std@0.106.0/fs/ensure_link.ts": "26e54363508b822afd87a3f6e873bbbcd6b5993dd638f8170758c16262a75065",
    "https://deno.land/std@0.106.0/fs/ensure_symlink.ts": "c07b6d19ef58b6f5c671ffa942e7f9be50315f4f78e2f9f511626fd2e13beccc",
    "https://deno.land/std@0.106.0/fs/eol.ts": "afaebaaac36f48c423b920c836551997715672b80a0fee9aa7667c181a94f2df",
    "https://deno.land/std@0.106.0/fs/exists.ts": "b0d2e31654819cc2a8d37df45d6b14686c0cc1d802e9ff09e902a63e98b85a00",
    "https://deno.land/std@0.106.0/fs/expand_glob.ts": "73e7b13f01097b04ed782b3d63863379b718417417758ba622e282b1e5300b91",
    "https://deno.land/std@0.106.0/fs/mod.ts": "26eee4b52a8c516e37d464094b080ff6822883e7f01ff0ba0a72b8dcd54b9927",
    "https://deno.land/std@0.106.0/fs/move.ts": "4623058e39bbbeb3ad30aeff9c974c55d2d574ad7c480295c12b04c244686a99",
    "https://deno.land/std@0.106.0/fs/walk.ts": "b91c655c60d048035f9cae0e6177991ab3245e786e3ab7d20a5b60012edf2126",
    "https://deno.land/std@0.106.0/http/_io.ts": "61c8171a7bfb8baad7570e2122d093a0c65ed3f02af04dfd6117006f3a5bb4e5",
    "https://deno.land/std@0.106.0/http/file_server.ts": "f89bf576a7188d99790cba35be4ed8943b07b158baf296850af13aad23c57a62",
    "https://deno.land/std@0.106.0/http/http_status.ts": "ebaa9bebfb8adc3d7b20c49e11037e4eefd79629ad80d81383933f4cdc91b3eb",
    "https://deno.land/std@0.106.0/http/server.ts": "500dd450202da79df1142c804e0d8d507baffaf81808ec8337238efbd3bb6005",
    "https://deno.land/std@0.106.0/io/buffer.ts": "3ead6bb11276ebcf093c403f74f67fd2205a515dbbb9061862c468ca56f37cd8",
    "https://deno.land/std@0.106.0/io/bufio.ts": "6024117aa37f8d21a116654bd5ca5191d803f6492bbc744e3cee5054d0e900d1",
    "https://deno.land/std@0.106.0/io/util.ts": "85c33d61b20fd706acc094fe80d4c8ae618b04abcf3a96ca2b47071842c1c8ac",
    "https://deno.land/std@0.106.0/path/_constants.ts": "1247fee4a79b70c89f23499691ef169b41b6ccf01887a0abd131009c5581b853",
    "https://deno.land/std@0.106.0/path/_interface.ts": "1fa73b02aaa24867e481a48492b44f2598cd9dfa513c7b34001437007d3642e4",
    "https://deno.land/std@0.106.0/path/_util.ts": "2e06a3b9e79beaf62687196bd4b60a4c391d862cfa007a20fc3a39f778ba073b",
    "https://deno.land/std@0.106.0/path/common.ts": "eaf03d08b569e8a87e674e4e265e099f237472b6fd135b3cbeae5827035ea14a",
    "https://deno.land/std@0.106.0/path/glob.ts": "3b84af55c53febacf6afe214c095624b22a56b6f57d7312157479cc783a0de65",
    "https://deno.land/std@0.106.0/path/mod.ts": "4465dc494f271b02569edbb4a18d727063b5dbd6ed84283ff906260970a15d12",
    "https://deno.land/std@0.106.0/path/posix.ts": "b81974c768d298f8dcd2c720229639b3803ca4a241fa9a355c762fa2bc5ef0c1",
    "https://deno.land/std@0.106.0/path/separator.ts": "8fdcf289b1b76fd726a508f57d3370ca029ae6976fcde5044007f062e643ff1c",
    "https://deno.land/std@0.106.0/path/win32.ts": "f4a3d4a3f2c9fe894da046d5eac48b5e789a0ebec5152b2c0985efe96a9f7ae1",
    "https://deno.land/std@0.106.0/testing/_diff.ts": "5d3693155f561d1a5443ac751ac70aab9f5d67b4819a621d4b96b8a1a1c89620",
    "https://deno.land/std@0.106.0/testing/asserts.ts": "5f3a0fddb15a9733e44737e2d52be8e696bb79bc4e3830a9f246c5b8f3b29b31",
    "https://deno.land/std@0.106.0/textproto/mod.ts": "6e8430986393e3929720cec9c6668d75dee2ffd953886e842dc124c251cb86c8",
    "https://deno.land/x/media_types@v2.10.1/db.ts": "d5ecfa410b570874a648aa12bac90d9c6704dc75f1e8c03b8cac97dd02b003ce",
    "https://deno.land/x/media_types@v2.10.1/deps.ts": "67c708236dc0dc64cc41d7622ecaa7643c6f6155842a99cff48453771e223d7d",
    "https://deno.land/x/media_types@v2.10.1/mod.ts": "d63583b978d32eff8b76e1ae5d83cba2fb27baa90cc1bcb0ad15a06122ea8c19",
    "https://deno.land/x/oak@v17.1.4/application.ts": "69fb6462eed013562ee61239e60ea77e5df3abb2b0df34568593b9774d72e98f",
    "https://deno.land/x/oak@v17.1.4/body.ts": "f91d8e0298abbabe6acb543d1090e2a41aa665375918a575d72bd6b98b538e40",
    "https://deno.land/x/oak@v17.1.4/context.ts": "e04c3d67d68ee01a279aeded457b0d66255450593dacab22251e7eb0cf6a92e5",
    "https://deno.land/x/oak@v17.1.4/deps.ts": "c71a9421d2ead7803468cd40559cf122ee91d4e81e8a3a98706956f6654e2550",
    "https://deno.land/x/oak@v17.1.4/http_server_bun.ts": "c7f3eb6464d4f047fcc9335e632ffb6bfc24e5ef7dc9a53017a6e453d4197e4b",
    "https://deno.land/x/oak@v17.1.4/http_server_native.ts": "34bab402cc9b6fdf53706699ac2c2ab88faf5c14be2ae18aa105bdc4fd6a8471",
    "https://deno.land/x/oak@v17.1.4/http_server_native_request.ts": "aa98a2f4bbf6f7651c62eb0332a95a1b0faff1d76f7a07fa8bd600766eb24488",
    "https://deno.land/x/oak@v17.1.4/http_server_node.ts": "bfbf7585fcda5a1464cd0f904ec97cbb4d67367757f3ed8cdc99a590a94b34e1",
    "https://deno.land/x/oak@v17.1.4/middleware.ts": "a701caf9d872b93d26759f77c7ad545cb29bc3d197c8375b79b2fbe7e9e60958",
    "https://deno.land/x/oak@v17.1.4/middleware/etag.ts": "f5cf8eb2a7c99ae7e11a4e31dc60beda398aec7a08be343e0de6b632f8064e4d",
    "https://deno.land/x/oak@v17.1.4/middleware/proxy.ts": "e611b7d45f58a1b2caa1cb6c435774822d7b56aa136b8dbb8691fb52d07c5182",
    "https://deno.land/x/oak@v17.1.4/middleware/serve.ts": "66f1e405ac006bfa863e8852092e03951b93dd4ba8381996a719d93d00aa62fe",
    "https://deno.land/x/oak@v17.1.4/mod.ts": "1f42341a6138310eceaf7b8e9b72be4d2a913817d1e823090dee4e7d27c68e98",
    "https://deno.land/x/oak@v17.1.4/node_shims.ts": "e411aef698dca26dfc577d8581ddab678f528bd52bf681337f3c3bcc73845a0a",
    "https://deno.land/x/oak@v17.1.4/request.ts": "5123fd70841a540809702059527a192d22f78042db1bfc4a01eebd77ec25b0fb",
    "https://deno.land/x/oak@v17.1.4/response.ts": "483f8ddd7618325e6ac28f88a3ea9926a09b3c90fa53b481a7a5202d23a0755f",
    "https://deno.land/x/oak@v17.1.4/router.ts": "e8eb2f88806dfdd303f3a663fefb7d9e614342bf40738692e9ef4b2243e1bccd",
    "https://deno.land/x/oak@v17.1.4/send.ts": "42faed583f218ed85d5da7704f36b385537947ec4de6125e20ad8acbfe8d8f68",
    "https://deno.land/x/oak@v17.1.4/testing.ts": "d6489e78d689da08b9896cd0b9b9add243466b407ce6fd63d38e29f8c0a19f5c",
    "https://deno.land/x/oak@v17.1.4/types.ts": "0e74c6c46e0fcfddd87e90fe0216c4ae50c73b113e06d3bdc4283afc7b2570d6",
    "https://deno.land/x/oak@v17.1.4/utils/clone_state.ts": "5a0784d802b86cc3dbf415dfd286025f03a261b3a8f9b3b6fd671be8e51ff027",
    "https://deno.land/x/oak@v17.1.4/utils/consts.ts": "9e14324837558d7af3d4bfc8ba5f13216a0b5d2f8dac14a3a782bc1bbfb756ef",
    "https://deno.land/x/oak@v17.1.4/utils/create_promise_with_resolvers.ts": "f7eeaf65ffa7b6cef03b8dc3fa3a3e35ae5553c6abf1a2260d7797e076acd63a",
    "https://deno.land/x/oak@v17.1.4/utils/decode.ts": "434802a09534a26cc8b8cd009ecc422b4695d22859021fe34f8093784b2483b7",
    "https://deno.land/x/oak@v17.1.4/utils/decode_component.ts": "d68e6da33bf6e733d218c0b7ce7112520640e836f4cfa2760c4aee8facf1c581",
    "https://deno.land/x/oak@v17.1.4/utils/encode_url.ts": "16b213d70f5e211fb3633f97c704f9613d2f8033669d59e0c9ca4fc26551fad6",
    "https://deno.land/x/oak@v17.1.4/utils/resolve_path.ts": "aa39d54a003b38fee55f340a0cba3f93a7af85b8ddd5fbfb049a98fc0109b36d",
    "https://deno.land/x/oak@v17.1.4/utils/streams.ts": "c85ae197f5046d58d5a3e42221254a6c8e63172f9f01b77631e480e1dcc90e05",
    "https://deno.land/x/oak@v17.1.4/utils/type_guards.ts": "92ab7dae4bc5ce10206fb21ca13bedd13a4638848be15f9752146aedeab1fea4",
    "https://deno.land/x/oak@v9.0.0/application.ts": "50f3e4893710c92a21e3e5f0dab3188b89ecb41c771d0f48b949c6a96802f5c6",
    "https://deno.land/x/oak@v9.0.0/async_iterable_reader.ts": "c227ea777f7afdfe85f09be5eafca40a0828de45bde95e87615f0463e58255c1",
    "https://deno.land/x/oak@v9.0.0/body.ts": "edaeb39c5930cf76999faa3c3e3027b63115988845400630aea6ee87e44bc378",
    "https://deno.land/x/oak@v9.0.0/buf_reader.ts": "69e0fee4bcee06d955123344e1e9395ea0fc1e0d1d48845dd334d9e2e4d39f82",
    "https://deno.land/x/oak@v9.0.0/content_disposition.ts": "8b8c3cb2fba7138cd5b7f82fc3b5ea39b33db924a824b28261659db7e164621e",
    "https://deno.land/x/oak@v9.0.0/context.ts": "ff0543d340630c797b9e8f656a89cc5a86e7e688c791f0fbbf01d96a86d4017d",
    "https://deno.land/x/oak@v9.0.0/cookies.ts": "7460ac94282c7db484065909323980112396ce691fe2ee874237bcd7f4e913b3",
    "https://deno.land/x/oak@v9.0.0/deps.ts": "14936bcd809bc1e8d7db83f8982a298ce12063b6cbc4354a30c6280ede306b42",
    "https://deno.land/x/oak@v9.0.0/etag.ts": "ea6a767b9b7606d8c9c13d7edea468e93686a8303a62259d9a182f633acad646",
    "https://deno.land/x/oak@v9.0.0/headers.ts": "50b809d5f311837f49344f6622bfbe24c57e64cd788bfb8d66ac826d304e6c3a",
    "https://deno.land/x/oak@v9.0.0/helpers.ts": "c1cd593a85d294bf4d6c19c7b38c5a0951915114a6b9b0081a6dfb3aa9f83a42",
    "https://deno.land/x/oak@v9.0.0/httpError.ts": "3fd09d0392f194d825b0093a1a77df6ca9f92ab90ad42b6ca4fe5a4ae660e9a3",
    "https://deno.land/x/oak@v9.0.0/http_server_native.ts": "165658ec77c28a091bd2fe7fc8147d0e9dea13a3c28c2d304fb49b3b2265381a",
    "https://deno.land/x/oak@v9.0.0/http_server_std.ts": "44adb52773a6985fb8376f2b37b5e4b8268b507ff411b641abedbed6f401aca7",
    "https://deno.land/x/oak@v9.0.0/isMediaType.ts": "e7457f8c14245a7bb9a3a48000d50e112bb6fcafeab8fd7bcff16363a0cd8687",
    "https://deno.land/x/oak@v9.0.0/keyStack.ts": "bfa8f388dbfccf0e133f7f5682c0ff6ca517581f639c228b4a6ad4b14b3f6b79",
    "https://deno.land/x/oak@v9.0.0/mediaTyper.ts": "042b853fc8e9c3f6c628dd389e03ef481552bf07242efc3f8a1af042102a6105",
    "https://deno.land/x/oak@v9.0.0/middleware.ts": "073665130709d495e058c68d67dbf09161d2a4a0ce2a8b4614f13f96e21a22cd",
    "https://deno.land/x/oak@v9.0.0/middleware/proxy.ts": "3e03143039409b55b535a5c99defb27ead220ef9b8cf75459e3eaefcfcfe373e",
    "https://deno.land/x/oak@v9.0.0/mod.ts": "fc6a57694d15de265944cae1685c28a6f6475ee041cd1c82a83c6abf4c001881",
    "https://deno.land/x/oak@v9.0.0/multipart.ts": "ae2751544e8eb93ab0308bb7f88aa073de8669903707c4d20d6403f1f27428aa",
    "https://deno.land/x/oak@v9.0.0/negotiation/charset.ts": "b4c2e0c49dd5122f130f95bf29508448d983c424801b5bc304b00288b5ae3195",
    "https://deno.land/x/oak@v9.0.0/negotiation/common.ts": "f54d599d37408005f8c565d0f6505de51fed31feaa3654a7758e2359c006b02c",
    "https://deno.land/x/oak@v9.0.0/negotiation/encoding.ts": "60eb0fc3df57cc39eaa739e0e9e2cda6c20b3aa429d1a0108f503065f5709bbe",
    "https://deno.land/x/oak@v9.0.0/negotiation/language.ts": "62ef13ea3146538dd52a4666611bd423ebb9a6438e7312398e17a4d16dbafb51",
    "https://deno.land/x/oak@v9.0.0/negotiation/mediaType.ts": "7e25cc34600beea3bf0b0879ff1783c752260fcb517dffea2e122830c36e8451",
    "https://deno.land/x/oak@v9.0.0/range.ts": "6892880e3171d614356adbfdf0fc5737569d5e7c9c24628c01ad4e7545899340",
    "https://deno.land/x/oak@v9.0.0/request.ts": "10a0765ba68dbaebb19d57d891038eb8a089d0f1d4a6c44bbfdb1090ba1e9298",
    "https://deno.land/x/oak@v9.0.0/response.ts": "41f5e60b922d0dae2b100e7b7097b81c8ec436766993f5df455ba5522ff736da",
    "https://deno.land/x/oak@v9.0.0/router.ts": "a20b5c35ea2520767bf6e260e0b1b430e5045afa3cc69f8e8cbea363a7659eb3",
    "https://deno.land/x/oak@v9.0.0/send.ts": "714997760de3c3d7b253e1f85531b142720530f1be09349cd822d1664cfdd9bb",
    "https://deno.land/x/oak@v9.0.0/server_sent_event.ts": "90844f9c01f62f16f367bd4701006f434e80fde89751cdda980a1976d902b2c4",
    "https://deno.land/x/oak@v9.0.0/structured_clone.ts": "312fecb5d3d2ec2d74bda448b39bd35ad23169d7e894dc69e76e95d7d35d5c7e",
    "https://deno.land/x/oak@v9.0.0/testing.ts": "68e125ed9dce1595dfa64a615272272dc89dad19966a0a652ff840bbc8e64c72",
    "https://deno.land/x/oak@v9.0.0/tssCompare.ts": "1bb509ca043d13f8db90089bd3b74d9c2c35a7fe69f4e8a22537393f45754374",
    "https://deno.land/x/oak@v9.0.0/util.ts": "e35a708df4f529f14f7a43feaf5bb4dea7fbd3133005342985507fc664f2320e",
    "https://deno.land/x/oak@v9.0.0/websocket.ts": "253972cc412d929e1df8ae4812c62e3b97a481b48b7481c72ba90c03e0e0ab59",
    "https://deno.land/x/path_to_regexp@v6.2.0/index.ts": "e94c04a44bbecac99ff2db2d831afe98b423e627b775cb57fc7935f848c64c51"
  }
}
